
Microsoft Visual Studio Solution File, Format Version 12.00
# Visual Studio 14
VisualStudioVersion = 14.0.25420.1
MinimumVisualStudioVersion = 10.0.40219.1
Project("{FAE04EC0-301F-11D3-BF4B-00C04F79EFBC}") = "la70534ai", "la70534ai\la70534ai.csproj", "{F291176F-D416-4C75-9346-EDC0936B7C64}"
EndProject
Global
	GlobalSection(SolutionConfigurationPlatforms) = preSolution
		Debug|Any CPU = Debug|Any CPU
		Release|Any CPU = Release|Any CPU
	EndGlobalSection
	GlobalSection(ProjectConfigurationPlatforms) = postSolution
		{F291176F-D416-4C75-9346-EDC0936B7C64}.Debug|Any CPU.ActiveCfg = Debug|Any CPU
		{F291176F-D416-4C75-9346-EDC0936B7C64}.Debug|Any CPU.Build.0 = Debug|Any CPU
		{F291176F-D416-4C75-9346-EDC0936B7C64}.Release|Any CPU.ActiveCfg = Release|Any CPU
		{F291176F-D416-4C75-9346-EDC0936B7C64}.Release|Any CPU.Build.0 = Release|Any CPU
	EndGlobalSection
	GlobalSection(SolutionProperties) = preSolution
		HideSolutionNode = FALSE
	EndGlobalSection
EndGlobal
